
Microsoft Visual Studio Solution File, Format Version 12.00
# Visual Studio Version 17
VisualStudioVersion = 17.11.35303.130
MinimumVisualStudioVersion = 10.0.40219.1
Project("{FAE04EC0-301F-11D3-BF4B-00C04F79EFBC}") = "LocalFileExamples", "LocalFileExamples.csproj", "{7573AEF7-3A86-4EFD-942F-EF766A717AA5}"
EndProject
Global
	GlobalSection(SolutionConfigurationPlatforms) = preSolution
		Debug|Any CPU = Debug|Any CPU
		Release|Any CPU = Release|Any CPU
	EndGlobalSection
	GlobalSection(ProjectConfigurationPlatforms) = postSolution
		{7573AEF7-3A86-4EFD-942F-EF766A717AA5}.Debug|Any CPU.ActiveCfg = Debug|Any CPU
		{7573AEF7-3A86-4EFD-942F-EF766A717AA5}.Debug|Any CPU.Build.0 = Debug|Any CPU
		{7573AEF7-3A86-4EFD-942F-EF766A717AA5}.Release|Any CPU.ActiveCfg = Release|Any CPU
		{7573AEF7-3A86-4EFD-942F-EF766A717AA5}.Release|Any CPU.Build.0 = Release|Any CPU
	EndGlobalSection
	GlobalSection(SolutionProperties) = preSolution
		HideSolutionNode = FALSE
	EndGlobalSection
	GlobalSection(ExtensibilityGlobals) = postSolution
		SolutionGuid = {756E7B05-15A5-4989-A164-7A8E51C4B596}
	EndGlobalSection
EndGlobal
